
Microsoft Visual Studio Solution File, Format Version 12.00
# Visual Studio Version 17
VisualStudioVersion = 17.10.34916.146
MinimumVisualStudioVersion = 10.0.40219.1
Project("{FAE04EC0-301F-11D3-BF4B-00C04F79EFBC}") = "BAL", "BAL\BAL.csproj", "{6F8BE59F-7C29-49CE-8556-E5905394346A}"
EndProject
Project("{FAE04EC0-301F-11D3-BF4B-00C04F79EFBC}") = "DAL", "DAL\DAL.csproj", "{F7A50745-FDE6-40A9-81E4-2742086D83FB}"
EndProject
Project("{FAE04EC0-301F-11D3-BF4B-00C04F79EFBC}") = "BEPeer", "BEPeer\BEPeer.csproj", "{46B09BCA-5CB4-4CA1-A73C-1E0AE062BB52}"
EndProject
Global
	GlobalSection(SolutionConfigurationPlatforms) = preSolution
		Debug|Any CPU = Debug|Any CPU
		Release|Any CPU = Release|Any CPU
	EndGlobalSection
	GlobalSection(ProjectConfigurationPlatforms) = postSolution
		{6F8BE59F-7C29-49CE-8556-E5905394346A}.Debug|Any CPU.ActiveCfg = Debug|Any CPU
		{6F8BE59F-7C29-49CE-8556-E5905394346A}.Debug|Any CPU.Build.0 = Debug|Any CPU
		{6F8BE59F-7C29-49CE-8556-E5905394346A}.Release|Any CPU.ActiveCfg = Release|Any CPU
		{6F8BE59F-7C29-49CE-8556-E5905394346A}.Release|Any CPU.Build.0 = Release|Any CPU
		{F7A50745-FDE6-40A9-81E4-2742086D83FB}.Debug|Any CPU.ActiveCfg = Debug|Any CPU
		{F7A50745-FDE6-40A9-81E4-2742086D83FB}.Debug|Any CPU.Build.0 = Debug|Any CPU
		{F7A50745-FDE6-40A9-81E4-2742086D83FB}.Release|Any CPU.ActiveCfg = Release|Any CPU
		{F7A50745-FDE6-40A9-81E4-2742086D83FB}.Release|Any CPU.Build.0 = Release|Any CPU
		{46B09BCA-5CB4-4CA1-A73C-1E0AE062BB52}.Debug|Any CPU.ActiveCfg = Debug|Any CPU
		{46B09BCA-5CB4-4CA1-A73C-1E0AE062BB52}.Debug|Any CPU.Build.0 = Debug|Any CPU
		{46B09BCA-5CB4-4CA1-A73C-1E0AE062BB52}.Release|Any CPU.ActiveCfg = Release|Any CPU
		{46B09BCA-5CB4-4CA1-A73C-1E0AE062BB52}.Release|Any CPU.Build.0 = Release|Any CPU
	EndGlobalSection
	GlobalSection(SolutionProperties) = preSolution
		HideSolutionNode = FALSE
	EndGlobalSection
	GlobalSection(ExtensibilityGlobals) = postSolution
		SolutionGuid = {528E6609-2904-4F60-8BFB-93D58289D9BF}
	EndGlobalSection
EndGlobal
